
Microsoft Visual Studio Solution File, Format Version 12.00
# Visual Studio Version 17
VisualStudioVersion = 17.9.34607.119
MinimumVisualStudioVersion = 10.0.40219.1
Project("{FAE04EC0-301F-11D3-BF4B-00C04F79EFBC}") = "Lunavex.EFCore.Pagination", "Lunavex.EFCore.Pagination.csproj", "{BABDB0E6-A787-4E51-88BF-C895182B6BB6}"
EndProject
Global
	GlobalSection(SolutionConfigurationPlatforms) = preSolution
		Debug|Any CPU = Debug|Any CPU
		Release|Any CPU = Release|Any CPU
	EndGlobalSection
	GlobalSection(ProjectConfigurationPlatforms) = postSolution
		{BABDB0E6-A787-4E51-88BF-C895182B6BB6}.Debug|Any CPU.ActiveCfg = Debug|Any CPU
		{BABDB0E6-A787-4E51-88BF-C895182B6BB6}.Debug|Any CPU.Build.0 = Debug|Any CPU
		{BABDB0E6-A787-4E51-88BF-C895182B6BB6}.Release|Any CPU.ActiveCfg = Release|Any CPU
		{BABDB0E6-A787-4E51-88BF-C895182B6BB6}.Release|Any CPU.Build.0 = Release|Any CPU
	EndGlobalSection
	GlobalSection(SolutionProperties) = preSolution
		HideSolutionNode = FALSE
	EndGlobalSection
	GlobalSection(ExtensibilityGlobals) = postSolution
		SolutionGuid = {3C5145C4-64BB-4C7E-9469-2DCFB05A1D1E}
	EndGlobalSection
EndGlobal
